
Microsoft Visual Studio Solution File, Format Version 12.00
# Visual Studio 2013
VisualStudioVersion = 12.0.21005.1
MinimumVisualStudioVersion = 10.0.40219.1
Project("{FAE04EC0-301F-11D3-BF4B-00C04F79EFBC}") = "MentorWeb", "MentorWeb\MentorWeb.csproj", "{EED67CA4-22BB-47C9-B5FC-4869847576D7}"
EndProject
Project("{2150E333-8FDC-42A3-9474-1A3956D46DE8}") = "PublishScripts", "PublishScripts", "{50245A8A-A624-4C13-92BF-6F60A470B0E5}"
	ProjectSection(SolutionItems) = preProject
		PublishScripts\AzureWebAppPublishModule.psm1 = PublishScripts\AzureWebAppPublishModule.psm1
		PublishScripts\Publish-WebApplication.ps1 = PublishScripts\Publish-WebApplication.ps1
	EndProjectSection
EndProject
Project("{2150E333-8FDC-42A3-9474-1A3956D46DE8}") = "Configurations", "Configurations", "{659BEE00-7ED4-41AD-BD3C-18A7B0B4DC64}"
	ProjectSection(SolutionItems) = preProject
		PublishScripts\Configurations\MentorWeb-WAWS-dev.json = PublishScripts\Configurations\MentorWeb-WAWS-dev.json
	EndProjectSection
EndProject
Global
	GlobalSection(SolutionConfigurationPlatforms) = preSolution
		Debug|Any CPU = Debug|Any CPU
		Release|Any CPU = Release|Any CPU
	EndGlobalSection
	GlobalSection(ProjectConfigurationPlatforms) = postSolution
		{EED67CA4-22BB-47C9-B5FC-4869847576D7}.Debug|Any CPU.ActiveCfg = Debug|Any CPU
		{EED67CA4-22BB-47C9-B5FC-4869847576D7}.Debug|Any CPU.Build.0 = Debug|Any CPU
		{EED67CA4-22BB-47C9-B5FC-4869847576D7}.Release|Any CPU.ActiveCfg = Release|Any CPU
		{EED67CA4-22BB-47C9-B5FC-4869847576D7}.Release|Any CPU.Build.0 = Release|Any CPU
	EndGlobalSection
	GlobalSection(SolutionProperties) = preSolution
		HideSolutionNode = FALSE
	EndGlobalSection
	GlobalSection(NestedProjects) = preSolution
		{659BEE00-7ED4-41AD-BD3C-18A7B0B4DC64} = {50245A8A-A624-4C13-92BF-6F60A470B0E5}
	EndGlobalSection
EndGlobal
